
Microsoft Visual Studio Solution File, Format Version 12.00
# Visual Studio Version 17
VisualStudioVersion = 17.4.33205.214
MinimumVisualStudioVersion = 10.0.40219.1
Project("{9A19103F-16F7-4668-BE54-9A1E7A4F7556}") = "Fochso", "Fochso.csproj", "{1624C61C-1A6D-4E6C-97DC-6B5E102E5D48}"
EndProject
Global
	GlobalSection(SolutionConfigurationPlatforms) = preSolution
		Debug|Any CPU = Debug|Any CPU
		Release|Any CPU = Release|Any CPU
	EndGlobalSection
	GlobalSection(ProjectConfigurationPlatforms) = postSolution
		{1624C61C-1A6D-4E6C-97DC-6B5E102E5D48}.Debug|Any CPU.ActiveCfg = Debug|Any CPU
		{1624C61C-1A6D-4E6C-97DC-6B5E102E5D48}.Debug|Any CPU.Build.0 = Debug|Any CPU
		{1624C61C-1A6D-4E6C-97DC-6B5E102E5D48}.Release|Any CPU.ActiveCfg = Release|Any CPU
		{1624C61C-1A6D-4E6C-97DC-6B5E102E5D48}.Release|Any CPU.Build.0 = Release|Any CPU
	EndGlobalSection
	GlobalSection(SolutionProperties) = preSolution
		HideSolutionNode = FALSE
	EndGlobalSection
	GlobalSection(ExtensibilityGlobals) = postSolution
		SolutionGuid = {5A0D9542-0721-415F-9BE4-8B370BE00326}
	EndGlobalSection
EndGlobal
